
Microsoft Visual Studio Solution File, Format Version 12.00
# Visual Studio Version 17
VisualStudioVersion = 17.12.35707.178
MinimumVisualStudioVersion = 10.0.40219.1
Project("{FAE04EC0-301F-11D3-BF4B-00C04F79EFBC}") = "OrderService", "OrderService\OrderService.csproj", "{72D2CED5-D830-4B60-B43B-E012A4505F82}"
EndProject
Project("{FAE04EC0-301F-11D3-BF4B-00C04F79EFBC}") = "ProductService", "ProductService\ProductService.csproj", "{EC3A8F32-21BD-486F-B775-639FA86B46BC}"
EndProject
Project("{FAE04EC0-301F-11D3-BF4B-00C04F79EFBC}") = "UserService", "UserService\UserService.csproj", "{2DDE87CD-9F3A-477F-A947-75760F3FB25E}"
EndProject
Project("{FAE04EC0-301F-11D3-BF4B-00C04F79EFBC}") = "BannerService", "BannerService\BannerService.csproj", "{31765F0B-A1C8-45E1-AE3A-1E57D8F3F7BA}"
EndProject
Global
	GlobalSection(SolutionConfigurationPlatforms) = preSolution
		Debug|Any CPU = Debug|Any CPU
		Release|Any CPU = Release|Any CPU
	EndGlobalSection
	GlobalSection(ProjectConfigurationPlatforms) = postSolution
		{72D2CED5-D830-4B60-B43B-E012A4505F82}.Debug|Any CPU.ActiveCfg = Debug|Any CPU
		{72D2CED5-D830-4B60-B43B-E012A4505F82}.Debug|Any CPU.Build.0 = Debug|Any CPU
		{72D2CED5-D830-4B60-B43B-E012A4505F82}.Release|Any CPU.ActiveCfg = Release|Any CPU
		{72D2CED5-D830-4B60-B43B-E012A4505F82}.Release|Any CPU.Build.0 = Release|Any CPU
		{EC3A8F32-21BD-486F-B775-639FA86B46BC}.Debug|Any CPU.ActiveCfg = Debug|Any CPU
		{EC3A8F32-21BD-486F-B775-639FA86B46BC}.Debug|Any CPU.Build.0 = Debug|Any CPU
		{EC3A8F32-21BD-486F-B775-639FA86B46BC}.Release|Any CPU.ActiveCfg = Release|Any CPU
		{EC3A8F32-21BD-486F-B775-639FA86B46BC}.Release|Any CPU.Build.0 = Release|Any CPU
		{2DDE87CD-9F3A-477F-A947-75760F3FB25E}.Debug|Any CPU.ActiveCfg = Debug|Any CPU
		{2DDE87CD-9F3A-477F-A947-75760F3FB25E}.Debug|Any CPU.Build.0 = Debug|Any CPU
		{2DDE87CD-9F3A-477F-A947-75760F3FB25E}.Release|Any CPU.ActiveCfg = Release|Any CPU
		{2DDE87CD-9F3A-477F-A947-75760F3FB25E}.Release|Any CPU.Build.0 = Release|Any CPU
		{31765F0B-A1C8-45E1-AE3A-1E57D8F3F7BA}.Debug|Any CPU.ActiveCfg = Debug|Any CPU
		{31765F0B-A1C8-45E1-AE3A-1E57D8F3F7BA}.Debug|Any CPU.Build.0 = Debug|Any CPU
		{31765F0B-A1C8-45E1-AE3A-1E57D8F3F7BA}.Release|Any CPU.ActiveCfg = Release|Any CPU
		{31765F0B-A1C8-45E1-AE3A-1E57D8F3F7BA}.Release|Any CPU.Build.0 = Release|Any CPU
	EndGlobalSection
	GlobalSection(SolutionProperties) = preSolution
		HideSolutionNode = FALSE
	EndGlobalSection
EndGlobal
